// !$*UTF8*$!
{
	archiveVersion = 1;
	classes = {
	};
	objectVersion = 56;
	objects = {

/* Begin PBXBuildFile section */
		CB2B450E29814C9800F221E0 /* Block.cpp in Sources */ = {isa = PBXBuildFile; fileRef = CB2B450C29814C9700F221E0 /* Block.cpp */; };
		CB73A7E52980648E00552DC7 /* Quadtree.cpp in Sources */ = {isa = PBXBuildFile; fileRef = CB73A7E32980648E00552DC7 /* Quadtree.cpp */; };
		CB73A7E82980854300552DC7 /* MouseEventHandler.cpp in Sources */ = {isa = PBXBuildFile; fileRef = CB73A7E62980854300552DC7 /* MouseEventHandler.cpp */; };
		CB73A7EE298085BC00552DC7 /* KeyEventHandler.cpp in Sources */ = {isa = PBXBuildFile; fileRef = CB73A7EC298085BC00552DC7 /* KeyEventHandler.cpp */; };
		CBA785532976E01400B3C99A /* main.cpp in Sources */ = {isa = PBXBuildFile; fileRef = CBA785522976E01400B3C99A /* main.cpp */; };
		CBB274FB29796CDA00CD81A4 /* Object.cpp in Sources */ = {isa = PBXBuildFile; fileRef = CBB274F929796CD900CD81A4 /* Object.cpp */; };
		CBB274FE2979724F00CD81A4 /* SFMLObjects.cpp in Sources */ = {isa = PBXBuildFile; fileRef = CBB274FC2979724F00CD81A4 /* SFMLObjects.cpp */; };
		CBB275012979737A00CD81A4 /* PhysicsEngine.cpp in Sources */ = {isa = PBXBuildFile; fileRef = CBB274FF2979737A00CD81A4 /* PhysicsEngine.cpp */; };
		CBB27504297975C900CD81A4 /* PhysicsConstants.cpp in Sources */ = {isa = PBXBuildFile; fileRef = CBB27502297975C900CD81A4 /* PhysicsConstants.cpp */; };
		CBB2750729797F5600CD81A4 /* Ball.cpp in Sources */ = {isa = PBXBuildFile; fileRef = CBB2750529797F5600CD81A4 /* Ball.cpp */; };
		CBB2750A2979B63300CD81A4 /* Engine.cpp in Sources */ = {isa = PBXBuildFile; fileRef = CBB275082979B63200CD81A4 /* Engine.cpp */; };
		CBB275102979BB9500CD81A4 /* ShapeFactory.cpp in Sources */ = {isa = PBXBuildFile; fileRef = CBB2750E2979BB9500CD81A4 /* ShapeFactory.cpp */; };
		CBE8C68A2982AC71002365A9 /* RandomPosition.cpp in Sources */ = {isa = PBXBuildFile; fileRef = CBE8C6882982AC71002365A9 /* RandomPosition.cpp */; };
		CBE8C68D2982CC88002365A9 /* Spring.cpp in Sources */ = {isa = PBXBuildFile; fileRef = CBE8C68B2982CC88002365A9 /* Spring.cpp */; };
/* End PBXBuildFile section */

/* Begin PBXFileReference section */
		CB2B450C29814C9700F221E0 /* Block.cpp */ = {isa = PBXFileReference; lastKnownFileType = sourcecode.cpp.cpp; path = Block.cpp; sourceTree = "<group>"; };
		CB2B450D29814C9700F221E0 /* Block.hpp */ = {isa = PBXFileReference; lastKnownFileType = sourcecode.cpp.h; path = Block.hpp; sourceTree = "<group>"; };
		CB73A7E32980648E00552DC7 /* Quadtree.cpp */ = {isa = PBXFileReference; lastKnownFileType = sourcecode.cpp.cpp; path = Quadtree.cpp; sourceTree = "<group>"; };
		CB73A7E42980648E00552DC7 /* Quadtree.hpp */ = {isa = PBXFileReference; lastKnownFileType = sourcecode.cpp.h; path = Quadtree.hpp; sourceTree = "<group>"; };
		CB73A7E62980854300552DC7 /* MouseEventHandler.cpp */ = {isa = PBXFileReference; lastKnownFileType = sourcecode.cpp.cpp; path = MouseEventHandler.cpp; sourceTree = "<group>"; };
		CB73A7E72980854300552DC7 /* MouseEventHandler.hpp */ = {isa = PBXFileReference; lastKnownFileType = sourcecode.cpp.h; path = MouseEventHandler.hpp; sourceTree = "<group>"; };
		CB73A7EC298085BC00552DC7 /* KeyEventHandler.cpp */ = {isa = PBXFileReference; lastKnownFileType = sourcecode.cpp.cpp; path = KeyEventHandler.cpp; sourceTree = "<group>"; };
		CB73A7ED298085BC00552DC7 /* KeyEventHandler.hpp */ = {isa = PBXFileReference; lastKnownFileType = sourcecode.cpp.h; path = KeyEventHandler.hpp; sourceTree = "<group>"; };
		CBA7854A2976E01400B3C99A /* PhysicsEngineOpenGL.app */ = {isa = PBXFileReference; explicitFileType = wrapper.application; includeInIndex = 0; path = PhysicsEngineOpenGL.app; sourceTree = BUILT_PRODUCTS_DIR; };
		CBA7854E2976E01400B3C99A /* PhysicsEngineOpenGL-Info.plist */ = {isa = PBXFileReference; lastKnownFileType = text.plist.xml; name = "PhysicsEngineOpenGL-Info.plist"; path = "../PhysicsEngineOpenGL-Info.plist"; sourceTree = "<group>"; };
		CBA785522976E01400B3C99A /* main.cpp */ = {isa = PBXFileReference; lastKnownFileType = sourcecode.cpp.cpp; path = main.cpp; sourceTree = "<group>"; };
		CBA785622976E68A00B3C99A /* PhysicsEngineOpenGL */ = {isa = PBXFileReference; lastKnownFileType = folder; path = PhysicsEngineOpenGL; sourceTree = "<group>"; };
		CBA785652976EB0F00B3C99A /* PhysicsEngineOpenGL.entitlements */ = {isa = PBXFileReference; lastKnownFileType = text.plist.entitlements; path = PhysicsEngineOpenGL.entitlements; sourceTree = "<group>"; };
		CBB274F929796CD900CD81A4 /* Object.cpp */ = {isa = PBXFileReference; lastKnownFileType = sourcecode.cpp.cpp; path = Object.cpp; sourceTree = "<group>"; };
		CBB274FA29796CD900CD81A4 /* Object.hpp */ = {isa = PBXFileReference; lastKnownFileType = sourcecode.cpp.h; path = Object.hpp; sourceTree = "<group>"; };
		CBB274FC2979724F00CD81A4 /* SFMLObjects.cpp */ = {isa = PBXFileReference; lastKnownFileType = sourcecode.cpp.cpp; path = SFMLObjects.cpp; sourceTree = "<group>"; };
		CBB274FD2979724F00CD81A4 /* SFMLObjects.hpp */ = {isa = PBXFileReference; lastKnownFileType = sourcecode.cpp.h; path = SFMLObjects.hpp; sourceTree = "<group>"; };
		CBB274FF2979737A00CD81A4 /* PhysicsEngine.cpp */ = {isa = PBXFileReference; lastKnownFileType = sourcecode.cpp.cpp; path = PhysicsEngine.cpp; sourceTree = "<group>"; };
		CBB275002979737A00CD81A4 /* PhysicsEngine.hpp */ = {isa = PBXFileReference; lastKnownFileType = sourcecode.cpp.h; path = PhysicsEngine.hpp; sourceTree = "<group>"; };
		CBB27502297975C900CD81A4 /* PhysicsConstants.cpp */ = {isa = PBXFileReference; lastKnownFileType = sourcecode.cpp.cpp; path = PhysicsConstants.cpp; sourceTree = "<group>"; };
		CBB27503297975C900CD81A4 /* PhysicsConstants.hpp */ = {isa = PBXFileReference; lastKnownFileType = sourcecode.cpp.h; path = PhysicsConstants.hpp; sourceTree = "<group>"; };
		CBB2750529797F5600CD81A4 /* Ball.cpp */ = {isa = PBXFileReference; lastKnownFileType = sourcecode.cpp.cpp; path = Ball.cpp; sourceTree = "<group>"; };
		CBB2750629797F5600CD81A4 /* Ball.hpp */ = {isa = PBXFileReference; lastKnownFileType = sourcecode.cpp.h; path = Ball.hpp; sourceTree = "<group>"; };
		CBB275082979B63200CD81A4 /* Engine.cpp */ = {isa = PBXFileReference; lastKnownFileType = sourcecode.cpp.cpp; path = Engine.cpp; sourceTree = "<group>"; };
		CBB275092979B63200CD81A4 /* Engine.hpp */ = {isa = PBXFileReference; lastKnownFileType = sourcecode.cpp.h; path = Engine.hpp; sourceTree = "<group>"; };
		CBB2750E2979BB9500CD81A4 /* ShapeFactory.cpp */ = {isa = PBXFileReference; lastKnownFileType = sourcecode.cpp.cpp; path = ShapeFactory.cpp; sourceTree = "<group>"; };
		CBB2750F2979BB9500CD81A4 /* ShapeFactory.hpp */ = {isa = PBXFileReference; lastKnownFileType = sourcecode.cpp.h; path = ShapeFactory.hpp; sourceTree = "<group>"; };
		CBE8C6882982AC71002365A9 /* RandomPosition.cpp */ = {isa = PBXFileReference; lastKnownFileType = sourcecode.cpp.cpp; path = RandomPosition.cpp; sourceTree = "<group>"; };
		CBE8C6892982AC71002365A9 /* RandomPosition.hpp */ = {isa = PBXFileReference; lastKnownFileType = sourcecode.cpp.h; path = RandomPosition.hpp; sourceTree = "<group>"; };
		CBE8C68B2982CC88002365A9 /* Spring.cpp */ = {isa = PBXFileReference; lastKnownFileType = sourcecode.cpp.cpp; path = Spring.cpp; sourceTree = "<group>"; };
		CBE8C68C2982CC88002365A9 /* Spring.hpp */ = {isa = PBXFileReference; lastKnownFileType = sourcecode.cpp.h; path = Spring.hpp; sourceTree = "<group>"; };
		CBFFC40A2990DC2B00E8DB2F /* image.PNG */ = {isa = PBXFileReference; lastKnownFileType = image.png; name = image.PNG; path = ../../../../../../Downloads/image.PNG; sourceTree = "<group>"; };
/* End PBXFileReference section */

/* Begin PBXFrameworksBuildPhase section */
		CBA785462976E01400B3C99A /* Frameworks */ = {
			isa = PBXFrameworksBuildPhase;
			buildActionMask = 2147483647;
			files = (
			);
			runOnlyForDeploymentPostprocessing = 0;
		};
/* End PBXFrameworksBuildPhase section */

/* Begin PBXGroup section */
		CBA785402976E01400B3C99A = {
			isa = PBXGroup;
			children = (
				CBA7854C2976E01400B3C99A /* PhysicsEngineOpenGL */,
				CBA785622976E68A00B3C99A /* PhysicsEngineOpenGL */,
				CBA7854B2976E01400B3C99A /* Products */,
			);
			sourceTree = "<group>";
		};
		CBA7854B2976E01400B3C99A /* Products */ = {
			isa = PBXGroup;
			children = (
				CBA7854A2976E01400B3C99A /* PhysicsEngineOpenGL.app */,
			);
			name = Products;
			sourceTree = "<group>";
		};
		CBA7854C2976E01400B3C99A /* PhysicsEngineOpenGL */ = {
			isa = PBXGroup;
			children = (
				CBA785652976EB0F00B3C99A /* PhysicsEngineOpenGL.entitlements */,
				CBB2750E2979BB9500CD81A4 /* ShapeFactory.cpp */,
				CBB2750F2979BB9500CD81A4 /* ShapeFactory.hpp */,
				CBB274FC2979724F00CD81A4 /* SFMLObjects.cpp */,
				CBB274FD2979724F00CD81A4 /* SFMLObjects.hpp */,
				CBB274F929796CD900CD81A4 /* Object.cpp */,
				CBB274FA29796CD900CD81A4 /* Object.hpp */,
				CB2B450C29814C9700F221E0 /* Block.cpp */,
				CB2B450D29814C9700F221E0 /* Block.hpp */,
				CBB2750529797F5600CD81A4 /* Ball.cpp */,
				CBB2750629797F5600CD81A4 /* Ball.hpp */,
				CBE8C68B2982CC88002365A9 /* Spring.cpp */,
				CBE8C68C2982CC88002365A9 /* Spring.hpp */,
				CBA785522976E01400B3C99A /* main.cpp */,
				CBB275082979B63200CD81A4 /* Engine.cpp */,
				CBB275092979B63200CD81A4 /* Engine.hpp */,
				CB73A7E62980854300552DC7 /* MouseEventHandler.cpp */,
				CB73A7E72980854300552DC7 /* MouseEventHandler.hpp */,
				CBB274FF2979737A00CD81A4 /* PhysicsEngine.cpp */,
				CBB275002979737A00CD81A4 /* PhysicsEngine.hpp */,
				CB73A7EC298085BC00552DC7 /* KeyEventHandler.cpp */,
				CB73A7ED298085BC00552DC7 /* KeyEventHandler.hpp */,
				CBB27503297975C900CD81A4 /* PhysicsConstants.hpp */,
				CBB27502297975C900CD81A4 /* PhysicsConstants.cpp */,
				CB73A7E32980648E00552DC7 /* Quadtree.cpp */,
				CBFFC40A2990DC2B00E8DB2F /* image.PNG */,
				CB73A7E42980648E00552DC7 /* Quadtree.hpp */,
				CBE8C6882982AC71002365A9 /* RandomPosition.cpp */,
				CBE8C6892982AC71002365A9 /* RandomPosition.hpp */,
				CBA7854D2976E01400B3C99A /* Supporting Files */,
			);
			path = PhysicsEngineOpenGL;
			sourceTree = "<group>";
		};
		CBA7854D2976E01400B3C99A /* Supporting Files */ = {
			isa = PBXGroup;
			children = (
				CBA7854E2976E01400B3C99A /* PhysicsEngineOpenGL-Info.plist */,
			);
			path = "Supporting Files";
			sourceTree = "<group>";
		};
/* End PBXGroup section */

/* Begin PBXNativeTarget section */
		CBA785492976E01400B3C99A /* PhysicsEngineOpenGL */ = {
			isa = PBXNativeTarget;
			buildConfigurationList = CBA7855F2976E01400B3C99A /* Build configuration list for PBXNativeTarget "PhysicsEngineOpenGL" */;
			buildPhases = (
				CBA785452976E01400B3C99A /* Sources */,
				CBA785462976E01400B3C99A /* Frameworks */,
				CBA785472976E01400B3C99A /* Resources */,
			);
			buildRules = (
			);
			dependencies = (
			);
			name = PhysicsEngineOpenGL;
			productName = PhysicsEngineOpenGL;
			productReference = CBA7854A2976E01400B3C99A /* PhysicsEngineOpenGL.app */;
			productType = "com.apple.product-type.application";
		};
/* End PBXNativeTarget section */

/* Begin PBXProject section */
		CBA785412976E01400B3C99A /* Project object */ = {
			isa = PBXProject;
			attributes = {
				BuildIndependentTargetsInParallel = 1;
				LastUpgradeCheck = 1420;
				ORGANIZATIONNAME = "Karl Davies";
				TargetAttributes = {
					CBA785492976E01400B3C99A = {
						CreatedOnToolsVersion = 14.2;
					};
				};
			};
			buildConfigurationList = CBA785442976E01400B3C99A /* Build configuration list for PBXProject "PhysicsEngineOpenGL" */;
			compatibilityVersion = "Xcode 14.0";
			developmentRegion = en;
			hasScannedForEncodings = 0;
			knownRegions = (
				en,
				Base,
			);
			mainGroup = CBA785402976E01400B3C99A;
			productRefGroup = CBA7854B2976E01400B3C99A /* Products */;
			projectDirPath = "";
			projectRoot = "";
			targets = (
				CBA785492976E01400B3C99A /* PhysicsEngineOpenGL */,
			);
		};
/* End PBXProject section */

/* Begin PBXResourcesBuildPhase section */
		CBA785472976E01400B3C99A /* Resources */ = {
			isa = PBXResourcesBuildPhase;
			buildActionMask = 2147483647;
			files = (
			);
			runOnlyForDeploymentPostprocessing = 0;
		};
/* End PBXResourcesBuildPhase section */

/* Begin PBXSourcesBuildPhase section */
		CBA785452976E01400B3C99A /* Sources */ = {
			isa = PBXSourcesBuildPhase;
			buildActionMask = 2147483647;
			files = (
				CB73A7E52980648E00552DC7 /* Quadtree.cpp in Sources */,
				CB2B450E29814C9800F221E0 /* Block.cpp in Sources */,
				CBB274FE2979724F00CD81A4 /* SFMLObjects.cpp in Sources */,
				CBE8C68A2982AC71002365A9 /* RandomPosition.cpp in Sources */,
				CBB2750A2979B63300CD81A4 /* Engine.cpp in Sources */,
				CBA785532976E01400B3C99A /* main.cpp in Sources */,
				CBB275012979737A00CD81A4 /* PhysicsEngine.cpp in Sources */,
				CBB275102979BB9500CD81A4 /* ShapeFactory.cpp in Sources */,
				CB73A7E82980854300552DC7 /* MouseEventHandler.cpp in Sources */,
				CBB274FB29796CDA00CD81A4 /* Object.cpp in Sources */,
				CB73A7EE298085BC00552DC7 /* KeyEventHandler.cpp in Sources */,
				CBE8C68D2982CC88002365A9 /* Spring.cpp in Sources */,
				CBB27504297975C900CD81A4 /* PhysicsConstants.cpp in Sources */,
				CBB2750729797F5600CD81A4 /* Ball.cpp in Sources */,
			);
			runOnlyForDeploymentPostprocessing = 0;
		};
/* End PBXSourcesBuildPhase section */

/* Begin XCBuildConfiguration section */
		CBA7855D2976E01400B3C99A /* Debug */ = {
			isa = XCBuildConfiguration;
			buildSettings = {
				ARCHS = "$(NATIVE_ARCH_ACTUAL)";
				CLANG_CXX_LANGUAGE_STANDARD = "c++11";
				CLANG_CXX_LIBRARY = "libc++";
				FRAMEWORK_SEARCH_PATHS = (
					/Library/Frameworks/,
					"$(inherited)",
				);
				GCC_VERSION = com.apple.compilers.llvm.clang.1_0;
				HEADER_SEARCH_PATHS = (
					/usr/local/include/,
					"$(inherited)",
				);
				LIBRARY_SEARCH_PATHS = (
					/usr/local/lib/,
					"$(inherited)",
				);
				MACOSX_DEPLOYMENT_TARGET = 10.7;
				OTHER_LDFLAGS = (
					"$(inherited)",
					"$(SFML_SYSTEM)",
					"$(SFML_WINDOW)",
					"$(SFML_GRAPHICS)",
					"$(SFML_AUDIO)",
					"$(SFML_NETWORK)",
				);
				SFML_AUDIO = "$(SFML_LINK_PREFIX) sfml-audio$(SFML_LINK_SUFFIX)";
				SFML_BINARY_TYPE = FRAMEWORKS;
				SFML_GRAPHICS = "$(SFML_LINK_PREFIX) sfml-graphics$(SFML_LINK_SUFFIX)";
				SFML_LINK_DYLIBS_PREFIX = "-l";
				SFML_LINK_DYLIBS_SUFFIX = "";
				SFML_LINK_FRAMEWORKS_PREFIX = "-framework";
				SFML_LINK_FRAMEWORKS_SUFFIX = "";
				SFML_LINK_PREFIX = "$(SFML_LINK_$(SFML_BINARY_TYPE)_PREFIX)";
				SFML_LINK_SUFFIX = "$(SFML_LINK_$(SFML_BINARY_TYPE)_SUFFIX)";
				SFML_NETWORK = "$(SFML_LINK_PREFIX) sfml-network$(SFML_LINK_SUFFIX)";
				SFML_SYSTEM = "$(SFML_LINK_PREFIX) sfml-system$(SFML_LINK_SUFFIX)";
				SFML_WINDOW = "$(SFML_LINK_PREFIX) sfml-window$(SFML_LINK_SUFFIX)";
				SUPPORTED_PLATFORMS = macosx;
			};
			name = Debug;
		};
		CBA7855E2976E01400B3C99A /* Release */ = {
			isa = XCBuildConfiguration;
			buildSettings = {
				ARCHS = "$(NATIVE_ARCH_ACTUAL)";
				CLANG_CXX_LANGUAGE_STANDARD = "c++11";
				CLANG_CXX_LIBRARY = "libc++";
				FRAMEWORK_SEARCH_PATHS = (
					/Library/Frameworks/,
					"$(inherited)",
				);
				GCC_VERSION = com.apple.compilers.llvm.clang.1_0;
				HEADER_SEARCH_PATHS = (
					/usr/local/include/,
					"$(inherited)",
				);
				LIBRARY_SEARCH_PATHS = (
					/usr/local/lib/,
					"$(inherited)",
				);
				MACOSX_DEPLOYMENT_TARGET = 10.7;
				OTHER_LDFLAGS = (
					"$(inherited)",
					"$(SFML_SYSTEM)",
					"$(SFML_WINDOW)",
					"$(SFML_GRAPHICS)",
					"$(SFML_AUDIO)",
					"$(SFML_NETWORK)",
				);
				SFML_AUDIO = "$(SFML_LINK_PREFIX) sfml-audio$(SFML_LINK_SUFFIX)";
				SFML_BINARY_TYPE = FRAMEWORKS;
				SFML_GRAPHICS = "$(SFML_LINK_PREFIX) sfml-graphics$(SFML_LINK_SUFFIX)";
				SFML_LINK_DYLIBS_PREFIX = "-l";
				SFML_LINK_DYLIBS_SUFFIX = "";
				SFML_LINK_FRAMEWORKS_PREFIX = "-framework";
				SFML_LINK_FRAMEWORKS_SUFFIX = "";
				SFML_LINK_PREFIX = "$(SFML_LINK_$(SFML_BINARY_TYPE)_PREFIX)";
				SFML_LINK_SUFFIX = "$(SFML_LINK_$(SFML_BINARY_TYPE)_SUFFIX)";
				SFML_NETWORK = "$(SFML_LINK_PREFIX) sfml-network$(SFML_LINK_SUFFIX)";
				SFML_SYSTEM = "$(SFML_LINK_PREFIX) sfml-system$(SFML_LINK_SUFFIX)";
				SFML_WINDOW = "$(SFML_LINK_PREFIX) sfml-window$(SFML_LINK_SUFFIX)";
				SUPPORTED_PLATFORMS = macosx;
			};
			name = Release;
		};
		CBA785602976E01400B3C99A /* Debug */ = {
			isa = XCBuildConfiguration;
			buildSettings = {
				ALWAYS_SEARCH_USER_PATHS = NO;
				CLANG_OPTIMIZATION_PROFILE_FILE = "$(SRCROOT)/OptimizationProfiles/$(PROJECT_NAME).profdata";
				CODE_SIGN_ENTITLEMENTS = PhysicsEngineOpenGL/PhysicsEngineOpenGL.entitlements;
				CODE_SIGN_IDENTITY = "Apple Development: karldaviesmail@gmail.com (9L9Q2R6NF8)";
				"CODE_SIGN_IDENTITY[sdk=macosx*]" = "Apple Development";
				CODE_SIGN_STYLE = Automatic;
				DEVELOPMENT_TEAM = WCW63DUUWH;
				ENABLE_HARDENED_RUNTIME = YES;
				ENABLE_ON_DEMAND_RESOURCES = NO;
				FRAMEWORK_SEARCH_PATHS = (
					/Library/Frameworks/,
					"$(inherited)",
				);
				INFOPLIST_FILE = "PhysicsEngineOpenGL/PhysicsEngineOpenGL-Info.plist";
				INFOPLIST_KEY_LSApplicationCategoryType = "public.app-category.simulation-games";
				LD_RUNPATH_SEARCH_PATHS = "@loader_path/../Frameworks";
				MACOSX_DEPLOYMENT_TARGET = 13.0;
				MARKETING_VERSION = 0.0.1;
				PRODUCT_BUNDLE_IDENTIFIER = "One-Hole.${PRODUCT_NAME:rfc1034identifier}";
				PRODUCT_NAME = "$(TARGET_NAME)";
				PROVISIONING_PROFILE_SPECIFIER = "";
			};
			name = Debug;
		};
		CBA785612976E01400B3C99A /* Release */ = {
			isa = XCBuildConfiguration;
			buildSettings = {
				ALWAYS_SEARCH_USER_PATHS = NO;
				CODE_SIGN_ENTITLEMENTS = PhysicsEngineOpenGL/PhysicsEngineOpenGL.entitlements;
				CODE_SIGN_IDENTITY = "Apple Development: karldaviesmail@gmail.com (9L9Q2R6NF8)";
				"CODE_SIGN_IDENTITY[sdk=macosx*]" = "Apple Development";
				CODE_SIGN_STYLE = Automatic;
				DEVELOPMENT_TEAM = WCW63DUUWH;
				ENABLE_HARDENED_RUNTIME = YES;
				ENABLE_ON_DEMAND_RESOURCES = NO;
				FRAMEWORK_SEARCH_PATHS = (
					/Library/Frameworks/,
					"$(inherited)",
				);
				INFOPLIST_FILE = "PhysicsEngineOpenGL/PhysicsEngineOpenGL-Info.plist";
				INFOPLIST_KEY_LSApplicationCategoryType = "public.app-category.simulation-games";
				LD_RUNPATH_SEARCH_PATHS = "@loader_path/../Frameworks";
				MACOSX_DEPLOYMENT_TARGET = 13.0;
				MARKETING_VERSION = 0.0.1;
				PRODUCT_BUNDLE_IDENTIFIER = "One-Hole.${PRODUCT_NAME:rfc1034identifier}";
				PRODUCT_NAME = "$(TARGET_NAME)";
				PROVISIONING_PROFILE_SPECIFIER = "";
			};
			name = Release;
		};
/* End XCBuildConfiguration section */

/* Begin XCConfigurationList section */
		CBA785442976E01400B3C99A /* Build configuration list for PBXProject "PhysicsEngineOpenGL" */ = {
			isa = XCConfigurationList;
			buildConfigurations = (
				CBA7855D2976E01400B3C99A /* Debug */,
				CBA7855E2976E01400B3C99A /* Release */,
			);
			defaultConfigurationIsVisible = 0;
			defaultConfigurationName = Release;
		};
		CBA7855F2976E01400B3C99A /* Build configuration list for PBXNativeTarget "PhysicsEngineOpenGL" */ = {
			isa = XCConfigurationList;
			buildConfigurations = (
				CBA785602976E01400B3C99A /* Debug */,
				CBA785612976E01400B3C99A /* Release */,
			);
			defaultConfigurationIsVisible = 0;
			defaultConfigurationName = Release;
		};
/* End XCConfigurationList section */
	};
	rootObject = CBA785412976E01400B3C99A /* Project object */;
}
